// !$*UTF8*$!
{
	archiveVersion = 1;
	classes = {
	};
	objectVersion = 52;
	objects = {

/* Begin PBXBuildFile section */
		800C04E12D9790A885D5DBE0 /* Pods_SampleReleaseAppTests.framework in Frameworks */ = {isa = PBXBuildFile; fileRef = 8AD3FC068F2A418CBC09C366 /* Pods_SampleReleaseAppTests.framework */; };
		919220245C51D7CFCED92558 /* Pods_SampleReleaseApp.framework in Frameworks */ = {isa = PBXBuildFile; fileRef = DE242AE86F6F48D65360F782 /* Pods_SampleReleaseApp.framework */; };
		D15DD3BE10216C70D774E7DE /* Pods_SampleReleaseApp_SampleReleaseAppUITests.framework in Frameworks */ = {isa = PBXBuildFile; fileRef = 104F6DC719955B0C2F0031D1 /* Pods_SampleReleaseApp_SampleReleaseAppUITests.framework */; };
		F04E36FD26CEB80F000885AB /* AppDelegate.swift in Sources */ = {isa = PBXBuildFile; fileRef = F04E36FC26CEB80F000885AB /* AppDelegate.swift */; };
		F04E36FF26CEB80F000885AB /* SceneDelegate.swift in Sources */ = {isa = PBXBuildFile; fileRef = F04E36FE26CEB80F000885AB /* SceneDelegate.swift */; };
		F04E370126CEB80F000885AB /* ViewController.swift in Sources */ = {isa = PBXBuildFile; fileRef = F04E370026CEB80F000885AB /* ViewController.swift */; };
		F04E370426CEB80F000885AB /* Main.storyboard in Resources */ = {isa = PBXBuildFile; fileRef = F04E370226CEB80F000885AB /* Main.storyboard */; };
		F04E370626CEB810000885AB /* Assets.xcassets in Resources */ = {isa = PBXBuildFile; fileRef = F04E370526CEB810000885AB /* Assets.xcassets */; };
		F04E370926CEB810000885AB /* LaunchScreen.storyboard in Resources */ = {isa = PBXBuildFile; fileRef = F04E370726CEB810000885AB /* LaunchScreen.storyboard */; };
		F04E371426CEB810000885AB /* SampleReleaseAppTests.swift in Sources */ = {isa = PBXBuildFile; fileRef = F04E371326CEB810000885AB /* SampleReleaseAppTests.swift */; };
		F04E371F26CEB810000885AB /* SampleReleaseAppUITests.swift in Sources */ = {isa = PBXBuildFile; fileRef = F04E371E26CEB810000885AB /* SampleReleaseAppUITests.swift */; };
		F04E372E26CEBAA8000885AB /* ColorKit in Frameworks */ = {isa = PBXBuildFile; productRef = F04E372D26CEBAA8000885AB /* ColorKit */; };
		F04E373026CEC013000885AB /* PullRequestChanges.swift in Sources */ = {isa = PBXBuildFile; fileRef = F04E372F26CEC013000885AB /* PullRequestChanges.swift */; };
/* End PBXBuildFile section */

/* Begin PBXContainerItemProxy section */
		F04E371026CEB810000885AB /* PBXContainerItemProxy */ = {
			isa = PBXContainerItemProxy;
			containerPortal = F04E36F126CEB80F000885AB /* Project object */;
			proxyType = 1;
			remoteGlobalIDString = F04E36F826CEB80F000885AB;
			remoteInfo = SampleReleaseApp;
		};
		F04E371B26CEB810000885AB /* PBXContainerItemProxy */ = {
			isa = PBXContainerItemProxy;
			containerPortal = F04E36F126CEB80F000885AB /* Project object */;
			proxyType = 1;
			remoteGlobalIDString = F04E36F826CEB80F000885AB;
			remoteInfo = SampleReleaseApp;
		};
/* End PBXContainerItemProxy section */

/* Begin PBXFileReference section */
		104F6DC719955B0C2F0031D1 /* Pods_SampleReleaseApp_SampleReleaseAppUITests.framework */ = {isa = PBXFileReference; explicitFileType = wrapper.framework; includeInIndex = 0; path = Pods_SampleReleaseApp_SampleReleaseAppUITests.framework; sourceTree = BUILT_PRODUCTS_DIR; };
		58F7576EC02A16BC3CDBB3C1 /* Pods-SampleReleaseApp-SampleReleaseAppUITests.release.xcconfig */ = {isa = PBXFileReference; includeInIndex = 1; lastKnownFileType = text.xcconfig; name = "Pods-SampleReleaseApp-SampleReleaseAppUITests.release.xcconfig"; path = "Target Support Files/Pods-SampleReleaseApp-SampleReleaseAppUITests/Pods-SampleReleaseApp-SampleReleaseAppUITests.release.xcconfig"; sourceTree = "<group>"; };
		73AC83AD5DC809CFEC23D847 /* Pods-SampleReleaseApp.debug.xcconfig */ = {isa = PBXFileReference; includeInIndex = 1; lastKnownFileType = text.xcconfig; name = "Pods-SampleReleaseApp.debug.xcconfig"; path = "Target Support Files/Pods-SampleReleaseApp/Pods-SampleReleaseApp.debug.xcconfig"; sourceTree = "<group>"; };
		8AD3FC068F2A418CBC09C366 /* Pods_SampleReleaseAppTests.framework */ = {isa = PBXFileReference; explicitFileType = wrapper.framework; includeInIndex = 0; path = Pods_SampleReleaseAppTests.framework; sourceTree = BUILT_PRODUCTS_DIR; };
		9F644A97C0DDA80EB2BF2245 /* Pods-SampleReleaseAppTests.release.xcconfig */ = {isa = PBXFileReference; includeInIndex = 1; lastKnownFileType = text.xcconfig; name = "Pods-SampleReleaseAppTests.release.xcconfig"; path = "Target Support Files/Pods-SampleReleaseAppTests/Pods-SampleReleaseAppTests.release.xcconfig"; sourceTree = "<group>"; };
		C1B698E00628A8D31F50DB60 /* Pods-SampleReleaseApp-SampleReleaseAppUITests.debug.xcconfig */ = {isa = PBXFileReference; includeInIndex = 1; lastKnownFileType = text.xcconfig; name = "Pods-SampleReleaseApp-SampleReleaseAppUITests.debug.xcconfig"; path = "Target Support Files/Pods-SampleReleaseApp-SampleReleaseAppUITests/Pods-SampleReleaseApp-SampleReleaseAppUITests.debug.xcconfig"; sourceTree = "<group>"; };
		D11A4FAB73E53B5F63532E30 /* Pods-SampleReleaseApp.release.xcconfig */ = {isa = PBXFileReference; includeInIndex = 1; lastKnownFileType = text.xcconfig; name = "Pods-SampleReleaseApp.release.xcconfig"; path = "Target Support Files/Pods-SampleReleaseApp/Pods-SampleReleaseApp.release.xcconfig"; sourceTree = "<group>"; };
		DE242AE86F6F48D65360F782 /* Pods_SampleReleaseApp.framework */ = {isa = PBXFileReference; explicitFileType = wrapper.framework; includeInIndex = 0; path = Pods_SampleReleaseApp.framework; sourceTree = BUILT_PRODUCTS_DIR; };
		F04E36F926CEB80F000885AB /* SampleReleaseApp.app */ = {isa = PBXFileReference; explicitFileType = wrapper.application; includeInIndex = 0; path = SampleReleaseApp.app; sourceTree = BUILT_PRODUCTS_DIR; };
		F04E36FC26CEB80F000885AB /* AppDelegate.swift */ = {isa = PBXFileReference; lastKnownFileType = sourcecode.swift; path = AppDelegate.swift; sourceTree = "<group>"; };
		F04E36FE26CEB80F000885AB /* SceneDelegate.swift */ = {isa = PBXFileReference; lastKnownFileType = sourcecode.swift; path = SceneDelegate.swift; sourceTree = "<group>"; };
		F04E370026CEB80F000885AB /* ViewController.swift */ = {isa = PBXFileReference; lastKnownFileType = sourcecode.swift; path = ViewController.swift; sourceTree = "<group>"; };
		F04E370326CEB80F000885AB /* Base */ = {isa = PBXFileReference; lastKnownFileType = file.storyboard; name = Base; path = Base.lproj/Main.storyboard; sourceTree = "<group>"; };
		F04E370526CEB810000885AB /* Assets.xcassets */ = {isa = PBXFileReference; lastKnownFileType = folder.assetcatalog; path = Assets.xcassets; sourceTree = "<group>"; };
		F04E370826CEB810000885AB /* Base */ = {isa = PBXFileReference; lastKnownFileType = file.storyboard; name = Base; path = Base.lproj/LaunchScreen.storyboard; sourceTree = "<group>"; };
		F04E370A26CEB810000885AB /* Info.plist */ = {isa = PBXFileReference; lastKnownFileType = text.plist.xml; path = Info.plist; sourceTree = "<group>"; };
		F04E370F26CEB810000885AB /* SampleReleaseAppTests.xctest */ = {isa = PBXFileReference; explicitFileType = wrapper.cfbundle; includeInIndex = 0; path = SampleReleaseAppTests.xctest; sourceTree = BUILT_PRODUCTS_DIR; };
		F04E371326CEB810000885AB /* SampleReleaseAppTests.swift */ = {isa = PBXFileReference; lastKnownFileType = sourcecode.swift; path = SampleReleaseAppTests.swift; sourceTree = "<group>"; };
		F04E371526CEB810000885AB /* Info.plist */ = {isa = PBXFileReference; lastKnownFileType = text.plist.xml; path = Info.plist; sourceTree = "<group>"; };
		F04E371A26CEB810000885AB /* SampleReleaseAppUITests.xctest */ = {isa = PBXFileReference; explicitFileType = wrapper.cfbundle; includeInIndex = 0; path = SampleReleaseAppUITests.xctest; sourceTree = BUILT_PRODUCTS_DIR; };
		F04E371E26CEB810000885AB /* SampleReleaseAppUITests.swift */ = {isa = PBXFileReference; lastKnownFileType = sourcecode.swift; path = SampleReleaseAppUITests.swift; sourceTree = "<group>"; };
		F04E372026CEB810000885AB /* Info.plist */ = {isa = PBXFileReference; lastKnownFileType = text.plist.xml; path = Info.plist; sourceTree = "<group>"; };
		F04E372F26CEC013000885AB /* PullRequestChanges.swift */ = {isa = PBXFileReference; lastKnownFileType = sourcecode.swift; path = PullRequestChanges.swift; sourceTree = "<group>"; };
		FBC4EE6BA7380F49C225CEAD /* Pods-SampleReleaseAppTests.debug.xcconfig */ = {isa = PBXFileReference; includeInIndex = 1; lastKnownFileType = text.xcconfig; name = "Pods-SampleReleaseAppTests.debug.xcconfig"; path = "Target Support Files/Pods-SampleReleaseAppTests/Pods-SampleReleaseAppTests.debug.xcconfig"; sourceTree = "<group>"; };
/* End PBXFileReference section */

/* Begin PBXFrameworksBuildPhase section */
		F04E36F626CEB80F000885AB /* Frameworks */ = {
			isa = PBXFrameworksBuildPhase;
			buildActionMask = 2147483647;
			files = (
				919220245C51D7CFCED92558 /* Pods_SampleReleaseApp.framework in Frameworks */,
				F04E372E26CEBAA8000885AB /* ColorKit in Frameworks */,
			);
			runOnlyForDeploymentPostprocessing = 0;
		};
		F04E370C26CEB810000885AB /* Frameworks */ = {
			isa = PBXFrameworksBuildPhase;
			buildActionMask = 2147483647;
			files = (
				800C04E12D9790A885D5DBE0 /* Pods_SampleReleaseAppTests.framework in Frameworks */,
			);
			runOnlyForDeploymentPostprocessing = 0;
		};
		F04E371726CEB810000885AB /* Frameworks */ = {
			isa = PBXFrameworksBuildPhase;
			buildActionMask = 2147483647;
			files = (
				D15DD3BE10216C70D774E7DE /* Pods_SampleReleaseApp_SampleReleaseAppUITests.framework in Frameworks */,
			);
			runOnlyForDeploymentPostprocessing = 0;
		};
/* End PBXFrameworksBuildPhase section */

/* Begin PBXGroup section */
		5F1A313B31285C7306C1149C /* Frameworks */ = {
			isa = PBXGroup;
			children = (
				DE242AE86F6F48D65360F782 /* Pods_SampleReleaseApp.framework */,
				104F6DC719955B0C2F0031D1 /* Pods_SampleReleaseApp_SampleReleaseAppUITests.framework */,
				8AD3FC068F2A418CBC09C366 /* Pods_SampleReleaseAppTests.framework */,
			);
			name = Frameworks;
			sourceTree = "<group>";
		};
		95C9DCC15AE953EE49788457 /* Pods */ = {
			isa = PBXGroup;
			children = (
				73AC83AD5DC809CFEC23D847 /* Pods-SampleReleaseApp.debug.xcconfig */,
				D11A4FAB73E53B5F63532E30 /* Pods-SampleReleaseApp.release.xcconfig */,
				C1B698E00628A8D31F50DB60 /* Pods-SampleReleaseApp-SampleReleaseAppUITests.debug.xcconfig */,
				58F7576EC02A16BC3CDBB3C1 /* Pods-SampleReleaseApp-SampleReleaseAppUITests.release.xcconfig */,
				FBC4EE6BA7380F49C225CEAD /* Pods-SampleReleaseAppTests.debug.xcconfig */,
				9F644A97C0DDA80EB2BF2245 /* Pods-SampleReleaseAppTests.release.xcconfig */,
			);
			path = Pods;
			sourceTree = "<group>";
		};
		F04E36F026CEB80F000885AB = {
			isa = PBXGroup;
			children = (
				F04E36FB26CEB80F000885AB /* SampleReleaseApp */,
				F04E371226CEB810000885AB /* SampleReleaseAppTests */,
				F04E371D26CEB810000885AB /* SampleReleaseAppUITests */,
				F04E36FA26CEB80F000885AB /* Products */,
				95C9DCC15AE953EE49788457 /* Pods */,
				5F1A313B31285C7306C1149C /* Frameworks */,
			);
			sourceTree = "<group>";
		};
		F04E36FA26CEB80F000885AB /* Products */ = {
			isa = PBXGroup;
			children = (
				F04E36F926CEB80F000885AB /* SampleReleaseApp.app */,
				F04E370F26CEB810000885AB /* SampleReleaseAppTests.xctest */,
				F04E371A26CEB810000885AB /* SampleReleaseAppUITests.xctest */,
			);
			name = Products;
			sourceTree = "<group>";
		};
		F04E36FB26CEB80F000885AB /* SampleReleaseApp */ = {
			isa = PBXGroup;
			children = (
				F04E36FC26CEB80F000885AB /* AppDelegate.swift */,
				F04E36FE26CEB80F000885AB /* SceneDelegate.swift */,
				F04E370026CEB80F000885AB /* ViewController.swift */,
				F04E372F26CEC013000885AB /* PullRequestChanges.swift */,
				F04E370226CEB80F000885AB /* Main.storyboard */,
				F04E370526CEB810000885AB /* Assets.xcassets */,
				F04E370726CEB810000885AB /* LaunchScreen.storyboard */,
				F04E370A26CEB810000885AB /* Info.plist */,
			);
			path = SampleReleaseApp;
			sourceTree = "<group>";
		};
		F04E371226CEB810000885AB /* SampleReleaseAppTests */ = {
			isa = PBXGroup;
			children = (
				F04E371326CEB810000885AB /* SampleReleaseAppTests.swift */,
				F04E371526CEB810000885AB /* Info.plist */,
			);
			path = SampleReleaseAppTests;
			sourceTree = "<group>";
		};
		F04E371D26CEB810000885AB /* SampleReleaseAppUITests */ = {
			isa = PBXGroup;
			children = (
				F04E371E26CEB810000885AB /* SampleReleaseAppUITests.swift */,
				F04E372026CEB810000885AB /* Info.plist */,
			);
			path = SampleReleaseAppUITests;
			sourceTree = "<group>";
		};
/* End PBXGroup section */

/* Begin PBXNativeTarget section */
		F04E36F826CEB80F000885AB /* SampleReleaseApp */ = {
			isa = PBXNativeTarget;
			buildConfigurationList = F04E372326CEB810000885AB /* Build configuration list for PBXNativeTarget "SampleReleaseApp" */;
			buildPhases = (
				A7FA49CDC8849B52DF5F36C5 /* [CP] Check Pods Manifest.lock */,
				F04E36F526CEB80F000885AB /* Sources */,
				F04E36F626CEB80F000885AB /* Frameworks */,
				F04E36F726CEB80F000885AB /* Resources */,
				2E367166B1D9D4CB3151FDC1 /* [CP] Embed Pods Frameworks */,
			);
			buildRules = (
			);
			dependencies = (
			);
			name = SampleReleaseApp;
			packageProductDependencies = (
				F04E372D26CEBAA8000885AB /* ColorKit */,
			);
			productName = SampleReleaseApp;
			productReference = F04E36F926CEB80F000885AB /* SampleReleaseApp.app */;
			productType = "com.apple.product-type.application";
		};
		F04E370E26CEB810000885AB /* SampleReleaseAppTests */ = {
			isa = PBXNativeTarget;
			buildConfigurationList = F04E372626CEB810000885AB /* Build configuration list for PBXNativeTarget "SampleReleaseAppTests" */;
			buildPhases = (
				FBC0810437E9F9A0CD69654E /* [CP] Check Pods Manifest.lock */,
				F04E370B26CEB810000885AB /* Sources */,
				F04E370C26CEB810000885AB /* Frameworks */,
				F04E370D26CEB810000885AB /* Resources */,
			);
			buildRules = (
			);
			dependencies = (
				F04E371126CEB810000885AB /* PBXTargetDependency */,
			);
			name = SampleReleaseAppTests;
			productName = SampleReleaseAppTests;
			productReference = F04E370F26CEB810000885AB /* SampleReleaseAppTests.xctest */;
			productType = "com.apple.product-type.bundle.unit-test";
		};
		F04E371926CEB810000885AB /* SampleReleaseAppUITests */ = {
			isa = PBXNativeTarget;
			buildConfigurationList = F04E372926CEB810000885AB /* Build configuration list for PBXNativeTarget "SampleReleaseAppUITests" */;
			buildPhases = (
				1C8F86E7076667075DB9AF94 /* [CP] Check Pods Manifest.lock */,
				F04E371626CEB810000885AB /* Sources */,
				F04E371726CEB810000885AB /* Frameworks */,
				F04E371826CEB810000885AB /* Resources */,
				4DD7855617A64D3BE5D2138B /* [CP] Embed Pods Frameworks */,
			);
			buildRules = (
			);
			dependencies = (
				F04E371C26CEB810000885AB /* PBXTargetDependency */,
			);
			name = SampleReleaseAppUITests;
			productName = SampleReleaseAppUITests;
			productReference = F04E371A26CEB810000885AB /* SampleReleaseAppUITests.xctest */;
			productType = "com.apple.product-type.bundle.ui-testing";
		};
/* End PBXNativeTarget section */

/* Begin PBXProject section */
		F04E36F126CEB80F000885AB /* Project object */ = {
			isa = PBXProject;
			attributes = {
				LastSwiftUpdateCheck = 1250;
				LastUpgradeCheck = 1250;
				TargetAttributes = {
					F04E36F826CEB80F000885AB = {
						CreatedOnToolsVersion = 12.5.1;
					};
					F04E370E26CEB810000885AB = {
						CreatedOnToolsVersion = 12.5.1;
						TestTargetID = F04E36F826CEB80F000885AB;
					};
					F04E371926CEB810000885AB = {
						CreatedOnToolsVersion = 12.5.1;
						TestTargetID = F04E36F826CEB80F000885AB;
					};
				};
			};
			buildConfigurationList = F04E36F426CEB80F000885AB /* Build configuration list for PBXProject "SampleReleaseApp" */;
			compatibilityVersion = "Xcode 9.3";
			developmentRegion = en;
			hasScannedForEncodings = 0;
			knownRegions = (
				en,
				Base,
			);
			mainGroup = F04E36F026CEB80F000885AB;
			packageReferences = (
				F04E372C26CEBAA8000885AB /* XCRemoteSwiftPackageReference "ColorKit" */,
			);
			productRefGroup = F04E36FA26CEB80F000885AB /* Products */;
			projectDirPath = "";
			projectRoot = "";
			targets = (
				F04E36F826CEB80F000885AB /* SampleReleaseApp */,
				F04E370E26CEB810000885AB /* SampleReleaseAppTests */,
				F04E371926CEB810000885AB /* SampleReleaseAppUITests */,
			);
		};
/* End PBXProject section */

/* Begin PBXResourcesBuildPhase section */
		F04E36F726CEB80F000885AB /* Resources */ = {
			isa = PBXResourcesBuildPhase;
			buildActionMask = 2147483647;
			files = (
				F04E370926CEB810000885AB /* LaunchScreen.storyboard in Resources */,
				F04E370626CEB810000885AB /* Assets.xcassets in Resources */,
				F04E370426CEB80F000885AB /* Main.storyboard in Resources */,
			);
			runOnlyForDeploymentPostprocessing = 0;
		};
		F04E370D26CEB810000885AB /* Resources */ = {
			isa = PBXResourcesBuildPhase;
			buildActionMask = 2147483647;
			files = (
			);
			runOnlyForDeploymentPostprocessing = 0;
		};
		F04E371826CEB810000885AB /* Resources */ = {
			isa = PBXResourcesBuildPhase;
			buildActionMask = 2147483647;
			files = (
			);
			runOnlyForDeploymentPostprocessing = 0;
		};
/* End PBXResourcesBuildPhase section */

/* Begin PBXShellScriptBuildPhase section */
		1C8F86E7076667075DB9AF94 /* [CP] Check Pods Manifest.lock */ = {
			isa = PBXShellScriptBuildPhase;
			buildActionMask = 2147483647;
			files = (
			);
			inputFileListPaths = (
			);
			inputPaths = (
				"${PODS_PODFILE_DIR_PATH}/Podfile.lock",
				"${PODS_ROOT}/Manifest.lock",
			);
			name = "[CP] Check Pods Manifest.lock";
			outputFileListPaths = (
			);
			outputPaths = (
				"$(DERIVED_FILE_DIR)/Pods-SampleReleaseApp-SampleReleaseAppUITests-checkManifestLockResult.txt",
			);
			runOnlyForDeploymentPostprocessing = 0;
			shellPath = /bin/sh;
			shellScript = "diff \"${PODS_PODFILE_DIR_PATH}/Podfile.lock\" \"${PODS_ROOT}/Manifest.lock\" > /dev/null\nif [ $? != 0 ] ; then\n    # print error to STDERR\n    echo \"error: The sandbox is not in sync with the Podfile.lock. Run 'pod install' or update your CocoaPods installation.\" >&2\n    exit 1\nfi\n# This output is used by Xcode 'outputs' to avoid re-running this script phase.\necho \"SUCCESS\" > \"${SCRIPT_OUTPUT_FILE_0}\"\n";
			showEnvVarsInLog = 0;
		};
		2E367166B1D9D4CB3151FDC1 /* [CP] Embed Pods Frameworks */ = {
			isa = PBXShellScriptBuildPhase;
			buildActionMask = 2147483647;
			files = (
			);
			inputFileListPaths = (
				"${PODS_ROOT}/Target Support Files/Pods-SampleReleaseApp/Pods-SampleReleaseApp-frameworks-${CONFIGURATION}-input-files.xcfilelist",
			);
			name = "[CP] Embed Pods Frameworks";
			outputFileListPaths = (
				"${PODS_ROOT}/Target Support Files/Pods-SampleReleaseApp/Pods-SampleReleaseApp-frameworks-${CONFIGURATION}-output-files.xcfilelist",
			);
			runOnlyForDeploymentPostprocessing = 0;
			shellPath = /bin/sh;
			shellScript = "\"${PODS_ROOT}/Target Support Files/Pods-SampleReleaseApp/Pods-SampleReleaseApp-frameworks.sh\"\n";
			showEnvVarsInLog = 0;
		};
		4DD7855617A64D3BE5D2138B /* [CP] Embed Pods Frameworks */ = {
			isa = PBXShellScriptBuildPhase;
			buildActionMask = 2147483647;
			files = (
			);
			inputFileListPaths = (
				"${PODS_ROOT}/Target Support Files/Pods-SampleReleaseApp-SampleReleaseAppUITests/Pods-SampleReleaseApp-SampleReleaseAppUITests-frameworks-${CONFIGURATION}-input-files.xcfilelist",
			);
			name = "[CP] Embed Pods Frameworks";
			outputFileListPaths = (
				"${PODS_ROOT}/Target Support Files/Pods-SampleReleaseApp-SampleReleaseAppUITests/Pods-SampleReleaseApp-SampleReleaseAppUITests-frameworks-${CONFIGURATION}-output-files.xcfilelist",
			);
			runOnlyForDeploymentPostprocessing = 0;
			shellPath = /bin/sh;
			shellScript = "\"${PODS_ROOT}/Target Support Files/Pods-SampleReleaseApp-SampleReleaseAppUITests/Pods-SampleReleaseApp-SampleReleaseAppUITests-frameworks.sh\"\n";
			showEnvVarsInLog = 0;
		};
		A7FA49CDC8849B52DF5F36C5 /* [CP] Check Pods Manifest.lock */ = {
			isa = PBXShellScriptBuildPhase;
			buildActionMask = 2147483647;
			files = (
			);
			inputFileListPaths = (
			);
			inputPaths = (
				"${PODS_PODFILE_DIR_PATH}/Podfile.lock",
				"${PODS_ROOT}/Manifest.lock",
			);
			name = "[CP] Check Pods Manifest.lock";
			outputFileListPaths = (
			);
			outputPaths = (
				"$(DERIVED_FILE_DIR)/Pods-SampleReleaseApp-checkManifestLockResult.txt",
			);
			runOnlyForDeploymentPostprocessing = 0;
			shellPath = /bin/sh;
			shellScript = "diff \"${PODS_PODFILE_DIR_PATH}/Podfile.lock\" \"${PODS_ROOT}/Manifest.lock\" > /dev/null\nif [ $? != 0 ] ; then\n    # print error to STDERR\n    echo \"error: The sandbox is not in sync with the Podfile.lock. Run 'pod install' or update your CocoaPods installation.\" >&2\n    exit 1\nfi\n# This output is used by Xcode 'outputs' to avoid re-running this script phase.\necho \"SUCCESS\" > \"${SCRIPT_OUTPUT_FILE_0}\"\n";
			showEnvVarsInLog = 0;
		};
		FBC0810437E9F9A0CD69654E /* [CP] Check Pods Manifest.lock */ = {
			isa = PBXShellScriptBuildPhase;
			buildActionMask = 2147483647;
			files = (
			);
			inputFileListPaths = (
			);
			inputPaths = (
				"${PODS_PODFILE_DIR_PATH}/Podfile.lock",
				"${PODS_ROOT}/Manifest.lock",
			);
			name = "[CP] Check Pods Manifest.lock";
			outputFileListPaths = (
			);
			outputPaths = (
				"$(DERIVED_FILE_DIR)/Pods-SampleReleaseAppTests-checkManifestLockResult.txt",
			);
			runOnlyForDeploymentPostprocessing = 0;
			shellPath = /bin/sh;
			shellScript = "diff \"${PODS_PODFILE_DIR_PATH}/Podfile.lock\" \"${PODS_ROOT}/Manifest.lock\" > /dev/null\nif [ $? != 0 ] ; then\n    # print error to STDERR\n    echo \"error: The sandbox is not in sync with the Podfile.lock. Run 'pod install' or update your CocoaPods installation.\" >&2\n    exit 1\nfi\n# This output is used by Xcode 'outputs' to avoid re-running this script phase.\necho \"SUCCESS\" > \"${SCRIPT_OUTPUT_FILE_0}\"\n";
			showEnvVarsInLog = 0;
		};
/* End PBXShellScriptBuildPhase section */

/* Begin PBXSourcesBuildPhase section */
		F04E36F526CEB80F000885AB /* Sources */ = {
			isa = PBXSourcesBuildPhase;
			buildActionMask = 2147483647;
			files = (
				F04E370126CEB80F000885AB /* ViewController.swift in Sources */,
				F04E36FD26CEB80F000885AB /* AppDelegate.swift in Sources */,
				F04E373026CEC013000885AB /* PullRequestChanges.swift in Sources */,
				F04E36FF26CEB80F000885AB /* SceneDelegate.swift in Sources */,
			);
			runOnlyForDeploymentPostprocessing = 0;
		};
		F04E370B26CEB810000885AB /* Sources */ = {
			isa = PBXSourcesBuildPhase;
			buildActionMask = 2147483647;
			files = (
				F04E371426CEB810000885AB /* SampleReleaseAppTests.swift in Sources */,
			);
			runOnlyForDeploymentPostprocessing = 0;
		};
		F04E371626CEB810000885AB /* Sources */ = {
			isa = PBXSourcesBuildPhase;
			buildActionMask = 2147483647;
			files = (
				F04E371F26CEB810000885AB /* SampleReleaseAppUITests.swift in Sources */,
			);
			runOnlyForDeploymentPostprocessing = 0;
		};
/* End PBXSourcesBuildPhase section */

/* Begin PBXTargetDependency section */
		F04E371126CEB810000885AB /* PBXTargetDependency */ = {
			isa = PBXTargetDependency;
			target = F04E36F826CEB80F000885AB /* SampleReleaseApp */;
			targetProxy = F04E371026CEB810000885AB /* PBXContainerItemProxy */;
		};
		F04E371C26CEB810000885AB /* PBXTargetDependency */ = {
			isa = PBXTargetDependency;
			target = F04E36F826CEB80F000885AB /* SampleReleaseApp */;
			targetProxy = F04E371B26CEB810000885AB /* PBXContainerItemProxy */;
		};
/* End PBXTargetDependency section */

/* Begin PBXVariantGroup section */
		F04E370226CEB80F000885AB /* Main.storyboard */ = {
			isa = PBXVariantGroup;
			children = (
				F04E370326CEB80F000885AB /* Base */,
			);
			name = Main.storyboard;
			sourceTree = "<group>";
		};
		F04E370726CEB810000885AB /* LaunchScreen.storyboard */ = {
			isa = PBXVariantGroup;
			children = (
				F04E370826CEB810000885AB /* Base */,
			);
			name = LaunchScreen.storyboard;
			sourceTree = "<group>";
		};
/* End PBXVariantGroup section */

/* Begin XCBuildConfiguration section */
		F04E372126CEB810000885AB /* Debug */ = {
			isa = XCBuildConfiguration;
			buildSettings = {
				ALWAYS_SEARCH_USER_PATHS = NO;
				CLANG_ANALYZER_NONNULL = YES;
				CLANG_ANALYZER_NUMBER_OBJECT_CONVERSION = YES_AGGRESSIVE;
				CLANG_CXX_LANGUAGE_STANDARD = "gnu++14";
				CLANG_CXX_LIBRARY = "libc++";
				CLANG_ENABLE_MODULES = YES;
				CLANG_ENABLE_OBJC_ARC = YES;
				CLANG_ENABLE_OBJC_WEAK = YES;
				CLANG_WARN_BLOCK_CAPTURE_AUTORELEASING = YES;
				CLANG_WARN_BOOL_CONVERSION = YES;
				CLANG_WARN_COMMA = YES;
				CLANG_WARN_CONSTANT_CONVERSION = YES;
				CLANG_WARN_DEPRECATED_OBJC_IMPLEMENTATIONS = YES;
				CLANG_WARN_DIRECT_OBJC_ISA_USAGE = YES_ERROR;
				CLANG_WARN_DOCUMENTATION_COMMENTS = YES;
				CLANG_WARN_EMPTY_BODY = YES;
				CLANG_WARN_ENUM_CONVERSION = YES;
				CLANG_WARN_INFINITE_RECURSION = YES;
				CLANG_WARN_INT_CONVERSION = YES;
				CLANG_WARN_NON_LITERAL_NULL_CONVERSION = YES;
				CLANG_WARN_OBJC_IMPLICIT_RETAIN_SELF = YES;
				CLANG_WARN_OBJC_LITERAL_CONVERSION = YES;
				CLANG_WARN_OBJC_ROOT_CLASS = YES_ERROR;
				CLANG_WARN_QUOTED_INCLUDE_IN_FRAMEWORK_HEADER = YES;
				CLANG_WARN_RANGE_LOOP_ANALYSIS = YES;
				CLANG_WARN_STRICT_PROTOTYPES = YES;
				CLANG_WARN_SUSPICIOUS_MOVE = YES;
				CLANG_WARN_UNGUARDED_AVAILABILITY = YES_AGGRESSIVE;
				CLANG_WARN_UNREACHABLE_CODE = YES;
				CLANG_WARN__DUPLICATE_METHOD_MATCH = YES;
				COPY_PHASE_STRIP = NO;
				DEBUG_INFORMATION_FORMAT = dwarf;
				ENABLE_STRICT_OBJC_MSGSEND = YES;
				ENABLE_TESTABILITY = YES;
				GCC_C_LANGUAGE_STANDARD = gnu11;
				GCC_DYNAMIC_NO_PIC = NO;
				GCC_NO_COMMON_BLOCKS = YES;
				GCC_OPTIMIZATION_LEVEL = 0;
				GCC_PREPROCESSOR_DEFINITIONS = (
					"DEBUG=1",
					"$(inherited)",
				);
				GCC_WARN_64_TO_32_BIT_CONVERSION = YES;
				GCC_WARN_ABOUT_RETURN_TYPE = YES_ERROR;
				GCC_WARN_UNDECLARED_SELECTOR = YES;
				GCC_WARN_UNINITIALIZED_AUTOS = YES_AGGRESSIVE;
				GCC_WARN_UNUSED_FUNCTION = YES;
				GCC_WARN_UNUSED_VARIABLE = YES;
				IPHONEOS_DEPLOYMENT_TARGET = 14.5;
				MTL_ENABLE_DEBUG_INFO = INCLUDE_SOURCE;
				MTL_FAST_MATH = YES;
				ONLY_ACTIVE_ARCH = YES;
				SDKROOT = iphoneos;
				SWIFT_ACTIVE_COMPILATION_CONDITIONS = DEBUG;
				SWIFT_OPTIMIZATION_LEVEL = "-Onone";
			};
			name = Debug;
		};
		F04E372226CEB810000885AB /* Release */ = {
			isa = XCBuildConfiguration;
			buildSettings = {
				ALWAYS_SEARCH_USER_PATHS = NO;
				CLANG_ANALYZER_NONNULL = YES;
				CLANG_ANALYZER_NUMBER_OBJECT_CONVERSION = YES_AGGRESSIVE;
				CLANG_CXX_LANGUAGE_STANDARD = "gnu++14";
				CLANG_CXX_LIBRARY = "libc++";
				CLANG_ENABLE_MODULES = YES;
				CLANG_ENABLE_OBJC_ARC = YES;
				CLANG_ENABLE_OBJC_WEAK = YES;
				CLANG_WARN_BLOCK_CAPTURE_AUTORELEASING = YES;
				CLANG_WARN_BOOL_CONVERSION = YES;
				CLANG_WARN_COMMA = YES;
				CLANG_WARN_CONSTANT_CONVERSION = YES;
				CLANG_WARN_DEPRECATED_OBJC_IMPLEMENTATIONS = YES;
				CLANG_WARN_DIRECT_OBJC_ISA_USAGE = YES_ERROR;
				CLANG_WARN_DOCUMENTATION_COMMENTS = YES;
				CLANG_WARN_EMPTY_BODY = YES;
				CLANG_WARN_ENUM_CONVERSION = YES;
				CLANG_WARN_INFINITE_RECURSION = YES;
				CLANG_WARN_INT_CONVERSION = YES;
				CLANG_WARN_NON_LITERAL_NULL_CONVERSION = YES;
				CLANG_WARN_OBJC_IMPLICIT_RETAIN_SELF = YES;
				CLANG_WARN_OBJC_LITERAL_CONVERSION = YES;
				CLANG_WARN_OBJC_ROOT_CLASS = YES_ERROR;
				CLANG_WARN_QUOTED_INCLUDE_IN_FRAMEWORK_HEADER = YES;
				CLANG_WARN_RANGE_LOOP_ANALYSIS = YES;
				CLANG_WARN_STRICT_PROTOTYPES = YES;
				CLANG_WARN_SUSPICIOUS_MOVE = YES;
				CLANG_WARN_UNGUARDED_AVAILABILITY = YES_AGGRESSIVE;
				CLANG_WARN_UNREACHABLE_CODE = YES;
				CLANG_WARN__DUPLICATE_METHOD_MATCH = YES;
				COPY_PHASE_STRIP = NO;
				DEBUG_INFORMATION_FORMAT = "dwarf-with-dsym";
				ENABLE_NS_ASSERTIONS = NO;
				ENABLE_STRICT_OBJC_MSGSEND = YES;
				GCC_C_LANGUAGE_STANDARD = gnu11;
				GCC_NO_COMMON_BLOCKS = YES;
				GCC_WARN_64_TO_32_BIT_CONVERSION = YES;
				GCC_WARN_ABOUT_RETURN_TYPE = YES_ERROR;
				GCC_WARN_UNDECLARED_SELECTOR = YES;
				GCC_WARN_UNINITIALIZED_AUTOS = YES_AGGRESSIVE;
				GCC_WARN_UNUSED_FUNCTION = YES;
				GCC_WARN_UNUSED_VARIABLE = YES;
				IPHONEOS_DEPLOYMENT_TARGET = 14.5;
				MTL_ENABLE_DEBUG_INFO = NO;
				MTL_FAST_MATH = YES;
				SDKROOT = iphoneos;
				SWIFT_COMPILATION_MODE = wholemodule;
				SWIFT_OPTIMIZATION_LEVEL = "-O";
				VALIDATE_PRODUCT = YES;
			};
			name = Release;
		};
		F04E372426CEB810000885AB /* Debug */ = {
			isa = XCBuildConfiguration;
			baseConfigurationReference = 73AC83AD5DC809CFEC23D847 /* Pods-SampleReleaseApp.debug.xcconfig */;
			buildSettings = {
				ASSETCATALOG_COMPILER_APPICON_NAME = AppIcon;
				ASSETCATALOG_COMPILER_GLOBAL_ACCENT_COLOR_NAME = AccentColor;
				CODE_SIGN_STYLE = Automatic;
				INFOPLIST_FILE = SampleReleaseApp/Info.plist;
				IPHONEOS_DEPLOYMENT_TARGET = 13.0;
				LD_RUNPATH_SEARCH_PATHS = (
					"$(inherited)",
					"@executable_path/Frameworks",
				);
				MARKETING_VERSION = 2022.1.2;
				PRODUCT_BUNDLE_IDENTIFIER = com.morluna.SampleReleaseApp;
				PRODUCT_NAME = "$(TARGET_NAME)";
				SWIFT_VERSION = 5.0;
				TARGETED_DEVICE_FAMILY = "1,2";
			};
			name = Debug;
		};
		F04E372526CEB810000885AB /* Release */ = {
			isa = XCBuildConfiguration;
			baseConfigurationReference = D11A4FAB73E53B5F63532E30 /* Pods-SampleReleaseApp.release.xcconfig */;
			buildSettings = {
				ASSETCATALOG_COMPILER_APPICON_NAME = AppIcon;
				ASSETCATALOG_COMPILER_GLOBAL_ACCENT_COLOR_NAME = AccentColor;
				CODE_SIGN_STYLE = Automatic;
				INFOPLIST_FILE = SampleReleaseApp/Info.plist;
				IPHONEOS_DEPLOYMENT_TARGET = 13.0;
				LD_RUNPATH_SEARCH_PATHS = (
					"$(inherited)",
					"@executable_path/Frameworks",
				);
				MARKETING_VERSION = 2022.1.2;
				PRODUCT_BUNDLE_IDENTIFIER = com.morluna.SampleReleaseApp;
				PRODUCT_NAME = "$(TARGET_NAME)";
				SWIFT_VERSION = 5.0;
				TARGETED_DEVICE_FAMILY = "1,2";
			};
			name = Release;
		};
		F04E372726CEB810000885AB /* Debug */ = {
			isa = XCBuildConfiguration;
			baseConfigurationReference = FBC4EE6BA7380F49C225CEAD /* Pods-SampleReleaseAppTests.debug.xcconfig */;
			buildSettings = {
				ALWAYS_EMBED_SWIFT_STANDARD_LIBRARIES = YES;
				BUNDLE_LOADER = "$(TEST_HOST)";
				CODE_SIGN_STYLE = Automatic;
				INFOPLIST_FILE = SampleReleaseAppTests/Info.plist;
				IPHONEOS_DEPLOYMENT_TARGET = 14.5;
				LD_RUNPATH_SEARCH_PATHS = (
					"$(inherited)",
					"@executable_path/Frameworks",
					"@loader_path/Frameworks",
				);
				PRODUCT_BUNDLE_IDENTIFIER = com.morluna.SampleReleaseAppTests;
				PRODUCT_NAME = "$(TARGET_NAME)";
				SWIFT_VERSION = 5.0;
				TARGETED_DEVICE_FAMILY = "1,2";
				TEST_HOST = "$(BUILT_PRODUCTS_DIR)/SampleReleaseApp.app/SampleReleaseApp";
			};
			name = Debug;
		};
		F04E372826CEB810000885AB /* Release */ = {
			isa = XCBuildConfiguration;
			baseConfigurationReference = 9F644A97C0DDA80EB2BF2245 /* Pods-SampleReleaseAppTests.release.xcconfig */;
			buildSettings = {
				ALWAYS_EMBED_SWIFT_STANDARD_LIBRARIES = YES;
				BUNDLE_LOADER = "$(TEST_HOST)";
				CODE_SIGN_STYLE = Automatic;
				INFOPLIST_FILE = SampleReleaseAppTests/Info.plist;
				IPHONEOS_DEPLOYMENT_TARGET = 14.5;
				LD_RUNPATH_SEARCH_PATHS = (
					"$(inherited)",
					"@executable_path/Frameworks",
					"@loader_path/Frameworks",
				);
				PRODUCT_BUNDLE_IDENTIFIER = com.morluna.SampleReleaseAppTests;
				PRODUCT_NAME = "$(TARGET_NAME)";
				SWIFT_VERSION = 5.0;
				TARGETED_DEVICE_FAMILY = "1,2";
				TEST_HOST = "$(BUILT_PRODUCTS_DIR)/SampleReleaseApp.app/SampleReleaseApp";
			};
			name = Release;
		};
		F04E372A26CEB810000885AB /* Debug */ = {
			isa = XCBuildConfiguration;
			baseConfigurationReference = C1B698E00628A8D31F50DB60 /* Pods-SampleReleaseApp-SampleReleaseAppUITests.debug.xcconfig */;
			buildSettings = {
				ALWAYS_EMBED_SWIFT_STANDARD_LIBRARIES = YES;
				CODE_SIGN_STYLE = Automatic;
				INFOPLIST_FILE = SampleReleaseAppUITests/Info.plist;
				LD_RUNPATH_SEARCH_PATHS = (
					"$(inherited)",
					"@executable_path/Frameworks",
					"@loader_path/Frameworks",
				);
				PRODUCT_BUNDLE_IDENTIFIER = com.morluna.SampleReleaseAppUITests;
				PRODUCT_NAME = "$(TARGET_NAME)";
				SWIFT_VERSION = 5.0;
				TARGETED_DEVICE_FAMILY = "1,2";
				TEST_TARGET_NAME = SampleReleaseApp;
			};
			name = Debug;
		};
		F04E372B26CEB810000885AB /* Release */ = {
			isa = XCBuildConfiguration;
			baseConfigurationReference = 58F7576EC02A16BC3CDBB3C1 /* Pods-SampleReleaseApp-SampleReleaseAppUITests.release.xcconfig */;
			buildSettings = {
				ALWAYS_EMBED_SWIFT_STANDARD_LIBRARIES = YES;
				CODE_SIGN_STYLE = Automatic;
				INFOPLIST_FILE = SampleReleaseAppUITests/Info.plist;
				LD_RUNPATH_SEARCH_PATHS = (
					"$(inherited)",
					"@executable_path/Frameworks",
					"@loader_path/Frameworks",
				);
				PRODUCT_BUNDLE_IDENTIFIER = com.morluna.SampleReleaseAppUITests;
				PRODUCT_NAME = "$(TARGET_NAME)";
				SWIFT_VERSION = 5.0;
				TARGETED_DEVICE_FAMILY = "1,2";
				TEST_TARGET_NAME = SampleReleaseApp;
			};
			name = Release;
		};
/* End XCBuildConfiguration section */

/* Begin XCConfigurationList section */
		F04E36F426CEB80F000885AB /* Build configuration list for PBXProject "SampleReleaseApp" */ = {
			isa = XCConfigurationList;
			buildConfigurations = (
				F04E372126CEB810000885AB /* Debug */,
				F04E372226CEB810000885AB /* Release */,
			);
			defaultConfigurationIsVisible = 0;
			defaultConfigurationName = Release;
		};
		F04E372326CEB810000885AB /* Build configuration list for PBXNativeTarget "SampleReleaseApp" */ = {
			isa = XCConfigurationList;
			buildConfigurations = (
				F04E372426CEB810000885AB /* Debug */,
				F04E372526CEB810000885AB /* Release */,
			);
			defaultConfigurationIsVisible = 0;
			defaultConfigurationName = Release;
		};
		F04E372626CEB810000885AB /* Build configuration list for PBXNativeTarget "SampleReleaseAppTests" */ = {
			isa = XCConfigurationList;
			buildConfigurations = (
				F04E372726CEB810000885AB /* Debug */,
				F04E372826CEB810000885AB /* Release */,
			);
			defaultConfigurationIsVisible = 0;
			defaultConfigurationName = Release;
		};
		F04E372926CEB810000885AB /* Build configuration list for PBXNativeTarget "SampleReleaseAppUITests" */ = {
			isa = XCConfigurationList;
			buildConfigurations = (
				F04E372A26CEB810000885AB /* Debug */,
				F04E372B26CEB810000885AB /* Release */,
			);
			defaultConfigurationIsVisible = 0;
			defaultConfigurationName = Release;
		};
/* End XCConfigurationList section */

/* Begin XCRemoteSwiftPackageReference section */
		F04E372C26CEBAA8000885AB /* XCRemoteSwiftPackageReference "ColorKit" */ = {
			isa = XCRemoteSwiftPackageReference;
			repositoryURL = "https://github.com/Boris-Em/ColorKit.git";
			requirement = {
				kind = upToNextMajorVersion;
				minimumVersion = 1.0.0;
			};
		};
/* End XCRemoteSwiftPackageReference section */

/* Begin XCSwiftPackageProductDependency section */
		F04E372D26CEBAA8000885AB /* ColorKit */ = {
			isa = XCSwiftPackageProductDependency;
			package = F04E372C26CEBAA8000885AB /* XCRemoteSwiftPackageReference "ColorKit" */;
			productName = ColorKit;
		};
/* End XCSwiftPackageProductDependency section */
	};
	rootObject = F04E36F126CEB80F000885AB /* Project object */;
}
